// !$*UTF8*$!
{
	archiveVersion = 1;
	classes = {
	};
	objectVersion = 46;
	objects = {

/* Begin PBXBuildFile section */
		082B7FB11B5A5E6E008BE844 /* Default-568h@2x.png in Resources */ = {isa = PBXBuildFile; fileRef = 082B7FB01B5A5E6E008BE844 /* Default-568h@2x.png */; };
		087CB0611B45266300342318 /* main.m in Sources */ = {isa = PBXBuildFile; fileRef = 087CB0601B45266300342318 /* main.m */; };
		087CB0641B45266300342318 /* AppDelegate.m in Sources */ = {isa = PBXBuildFile; fileRef = 087CB0631B45266300342318 /* AppDelegate.m */; };
		087CB0671B45266300342318 /* ViewController.m in Sources */ = {isa = PBXBuildFile; fileRef = 087CB0661B45266300342318 /* ViewController.m */; };
		087CB06A1B45266300342318 /* Main.storyboard in Resources */ = {isa = PBXBuildFile; fileRef = 087CB0681B45266300342318 /* Main.storyboard */; };
		087CB06C1B45266300342318 /* Images.xcassets in Resources */ = {isa = PBXBuildFile; fileRef = 087CB06B1B45266300342318 /* Images.xcassets */; };
		087CB07B1B45266300342318 /* MailBoxTests.m in Sources */ = {isa = PBXBuildFile; fileRef = 087CB07A1B45266300342318 /* MailBoxTests.m */; };
		088405031B4648BC00359836 /* MailService.m in Sources */ = {isa = PBXBuildFile; fileRef = 088405021B4648BC00359836 /* MailService.m */; };
		088405061B464CE700359836 /* TableViewController.m in Sources */ = {isa = PBXBuildFile; fileRef = 088405051B464CE700359836 /* TableViewController.m */; };
		0884050A1B464FBF00359836 /* NSString+MB.m in Sources */ = {isa = PBXBuildFile; fileRef = 088405091B464FBF00359836 /* NSString+MB.m */; };
		0884050D1B46517100359836 /* UIViewController+MB.m in Sources */ = {isa = PBXBuildFile; fileRef = 0884050C1B46517100359836 /* UIViewController+MB.m */; };
		088405101B46637800359836 /* MessagesViewController.m in Sources */ = {isa = PBXBuildFile; fileRef = 0884050F1B46637800359836 /* MessagesViewController.m */; };
		088405141B4669BA00359836 /* TableViewCell.m in Sources */ = {isa = PBXBuildFile; fileRef = 088405131B4669BA00359836 /* TableViewCell.m */; };
		E113A404BC0407D661E07213 /* Pods_MailBox.framework in Frameworks */ = {isa = PBXBuildFile; fileRef = 97BDFBA16EF9D9C00F4E5760 /* Pods_MailBox.framework */; };
/* End PBXBuildFile section */

/* Begin PBXContainerItemProxy section */
		087CB0751B45266300342318 /* PBXContainerItemProxy */ = {
			isa = PBXContainerItemProxy;
			containerPortal = 087CB0531B45266300342318 /* Project object */;
			proxyType = 1;
			remoteGlobalIDString = 087CB05A1B45266300342318;
			remoteInfo = MailBox;
		};
/* End PBXContainerItemProxy section */

/* Begin PBXFileReference section */
		082B7FB01B5A5E6E008BE844 /* Default-568h@2x.png */ = {isa = PBXFileReference; lastKnownFileType = image.png; path = "Default-568h@2x.png"; sourceTree = "<group>"; };
		087CB05B1B45266300342318 /* MailBox.app */ = {isa = PBXFileReference; explicitFileType = wrapper.application; includeInIndex = 0; path = MailBox.app; sourceTree = BUILT_PRODUCTS_DIR; };
		087CB05F1B45266300342318 /* Info.plist */ = {isa = PBXFileReference; lastKnownFileType = text.plist.xml; path = Info.plist; sourceTree = "<group>"; };
		087CB0601B45266300342318 /* main.m */ = {isa = PBXFileReference; lastKnownFileType = sourcecode.c.objc; path = main.m; sourceTree = "<group>"; };
		087CB0621B45266300342318 /* AppDelegate.h */ = {isa = PBXFileReference; lastKnownFileType = sourcecode.c.h; path = AppDelegate.h; sourceTree = "<group>"; };
		087CB0631B45266300342318 /* AppDelegate.m */ = {isa = PBXFileReference; lastKnownFileType = sourcecode.c.objc; path = AppDelegate.m; sourceTree = "<group>"; };
		087CB0651B45266300342318 /* ViewController.h */ = {isa = PBXFileReference; lastKnownFileType = sourcecode.c.h; path = ViewController.h; sourceTree = "<group>"; };
		087CB0661B45266300342318 /* ViewController.m */ = {isa = PBXFileReference; lastKnownFileType = sourcecode.c.objc; path = ViewController.m; sourceTree = "<group>"; };
		087CB0691B45266300342318 /* Base */ = {isa = PBXFileReference; lastKnownFileType = file.storyboard; name = Base; path = Base.lproj/Main.storyboard; sourceTree = "<group>"; };
		087CB06B1B45266300342318 /* Images.xcassets */ = {isa = PBXFileReference; lastKnownFileType = folder.assetcatalog; path = Images.xcassets; sourceTree = "<group>"; };
		087CB0741B45266300342318 /* MailBoxTests.xctest */ = {isa = PBXFileReference; explicitFileType = wrapper.cfbundle; includeInIndex = 0; path = MailBoxTests.xctest; sourceTree = BUILT_PRODUCTS_DIR; };
		087CB0791B45266300342318 /* Info.plist */ = {isa = PBXFileReference; lastKnownFileType = text.plist.xml; path = Info.plist; sourceTree = "<group>"; };
		087CB07A1B45266300342318 /* MailBoxTests.m */ = {isa = PBXFileReference; lastKnownFileType = sourcecode.c.objc; path = MailBoxTests.m; sourceTree = "<group>"; };
		088405011B4648BC00359836 /* MailService.h */ = {isa = PBXFileReference; fileEncoding = 4; lastKnownFileType = sourcecode.c.h; path = MailService.h; sourceTree = "<group>"; };
		088405021B4648BC00359836 /* MailService.m */ = {isa = PBXFileReference; fileEncoding = 4; lastKnownFileType = sourcecode.c.objc; path = MailService.m; sourceTree = "<group>"; };
		088405041B464CE700359836 /* TableViewController.h */ = {isa = PBXFileReference; fileEncoding = 4; lastKnownFileType = sourcecode.c.h; path = TableViewController.h; sourceTree = "<group>"; };
		088405051B464CE700359836 /* TableViewController.m */ = {isa = PBXFileReference; fileEncoding = 4; lastKnownFileType = sourcecode.c.objc; path = TableViewController.m; sourceTree = "<group>"; };
		088405081B464FBF00359836 /* NSString+MB.h */ = {isa = PBXFileReference; fileEncoding = 4; lastKnownFileType = sourcecode.c.h; path = "NSString+MB.h"; sourceTree = "<group>"; };
		088405091B464FBF00359836 /* NSString+MB.m */ = {isa = PBXFileReference; fileEncoding = 4; lastKnownFileType = sourcecode.c.objc; path = "NSString+MB.m"; sourceTree = "<group>"; };
		0884050B1B46517100359836 /* UIViewController+MB.h */ = {isa = PBXFileReference; fileEncoding = 4; lastKnownFileType = sourcecode.c.h; path = "UIViewController+MB.h"; sourceTree = "<group>"; };
		0884050C1B46517100359836 /* UIViewController+MB.m */ = {isa = PBXFileReference; fileEncoding = 4; lastKnownFileType = sourcecode.c.objc; path = "UIViewController+MB.m"; sourceTree = "<group>"; };
		0884050E1B46637800359836 /* MessagesViewController.h */ = {isa = PBXFileReference; fileEncoding = 4; lastKnownFileType = sourcecode.c.h; path = MessagesViewController.h; sourceTree = "<group>"; };
		0884050F1B46637800359836 /* MessagesViewController.m */ = {isa = PBXFileReference; fileEncoding = 4; lastKnownFileType = sourcecode.c.objc; path = MessagesViewController.m; sourceTree = "<group>"; };
		088405121B4669BA00359836 /* TableViewCell.h */ = {isa = PBXFileReference; fileEncoding = 4; lastKnownFileType = sourcecode.c.h; path = TableViewCell.h; sourceTree = "<group>"; };
		088405131B4669BA00359836 /* TableViewCell.m */ = {isa = PBXFileReference; fileEncoding = 4; lastKnownFileType = sourcecode.c.objc; path = TableViewCell.m; sourceTree = "<group>"; };
		214F26E1679AFA2F01FC42B2 /* Pods-MailBox.debug.xcconfig */ = {isa = PBXFileReference; includeInIndex = 1; lastKnownFileType = text.xcconfig; name = "Pods-MailBox.debug.xcconfig"; path = "Pods/Target Support Files/Pods-MailBox/Pods-MailBox.debug.xcconfig"; sourceTree = "<group>"; };
		97BDFBA16EF9D9C00F4E5760 /* Pods_MailBox.framework */ = {isa = PBXFileReference; explicitFileType = wrapper.framework; includeInIndex = 0; path = Pods_MailBox.framework; sourceTree = BUILT_PRODUCTS_DIR; };
		F7F6A7FBDEC0494BF6612534 /* Pods-MailBox.release.xcconfig */ = {isa = PBXFileReference; includeInIndex = 1; lastKnownFileType = text.xcconfig; name = "Pods-MailBox.release.xcconfig"; path = "Pods/Target Support Files/Pods-MailBox/Pods-MailBox.release.xcconfig"; sourceTree = "<group>"; };
/* End PBXFileReference section */

/* Begin PBXFrameworksBuildPhase section */
		087CB0581B45266300342318 /* Frameworks */ = {
			isa = PBXFrameworksBuildPhase;
			buildActionMask = 2147483647;
			files = (
				E113A404BC0407D661E07213 /* Pods_MailBox.framework in Frameworks */,
			);
			runOnlyForDeploymentPostprocessing = 0;
		};
		087CB0711B45266300342318 /* Frameworks */ = {
			isa = PBXFrameworksBuildPhase;
			buildActionMask = 2147483647;
			files = (
			);
			runOnlyForDeploymentPostprocessing = 0;
		};
/* End PBXFrameworksBuildPhase section */

/* Begin PBXGroup section */
		087CB0521B45266300342318 = {
			isa = PBXGroup;
			children = (
				082B7FB01B5A5E6E008BE844 /* Default-568h@2x.png */,
				087CB05D1B45266300342318 /* MailBox */,
				087CB0771B45266300342318 /* MailBoxTests */,
				087CB05C1B45266300342318 /* Products */,
				979676F91920628242DA88A3 /* Pods */,
				1EC991DDA3E8C45A757F266A /* Frameworks */,
			);
			sourceTree = "<group>";
		};
		087CB05C1B45266300342318 /* Products */ = {
			isa = PBXGroup;
			children = (
				087CB05B1B45266300342318 /* MailBox.app */,
				087CB0741B45266300342318 /* MailBoxTests.xctest */,
			);
			name = Products;
			sourceTree = "<group>";
		};
		087CB05D1B45266300342318 /* MailBox */ = {
			isa = PBXGroup;
			children = (
				088405111B4669A800359836 /* Cell */,
				088405071B464F9D00359836 /* Model */,
				087CB0621B45266300342318 /* AppDelegate.h */,
				087CB0631B45266300342318 /* AppDelegate.m */,
				087CB0651B45266300342318 /* ViewController.h */,
				087CB0661B45266300342318 /* ViewController.m */,
				088405041B464CE700359836 /* TableViewController.h */,
				088405051B464CE700359836 /* TableViewController.m */,
				0884050E1B46637800359836 /* MessagesViewController.h */,
				0884050F1B46637800359836 /* MessagesViewController.m */,
				087CB0681B45266300342318 /* Main.storyboard */,
				087CB06B1B45266300342318 /* Images.xcassets */,
				087CB05E1B45266300342318 /* Supporting Files */,
			);
			path = MailBox;
			sourceTree = "<group>";
		};
		087CB05E1B45266300342318 /* Supporting Files */ = {
			isa = PBXGroup;
			children = (
				087CB05F1B45266300342318 /* Info.plist */,
				087CB0601B45266300342318 /* main.m */,
			);
			name = "Supporting Files";
			sourceTree = "<group>";
		};
		087CB0771B45266300342318 /* MailBoxTests */ = {
			isa = PBXGroup;
			children = (
				087CB07A1B45266300342318 /* MailBoxTests.m */,
				087CB0781B45266300342318 /* Supporting Files */,
			);
			path = MailBoxTests;
			sourceTree = "<group>";
		};
		087CB0781B45266300342318 /* Supporting Files */ = {
			isa = PBXGroup;
			children = (
				087CB0791B45266300342318 /* Info.plist */,
			);
			name = "Supporting Files";
			sourceTree = "<group>";
		};
		088405071B464F9D00359836 /* Model */ = {
			isa = PBXGroup;
			children = (
				088405011B4648BC00359836 /* MailService.h */,
				088405021B4648BC00359836 /* MailService.m */,
				088405081B464FBF00359836 /* NSString+MB.h */,
				088405091B464FBF00359836 /* NSString+MB.m */,
				0884050B1B46517100359836 /* UIViewController+MB.h */,
				0884050C1B46517100359836 /* UIViewController+MB.m */,
			);
			name = Model;
			sourceTree = "<group>";
		};
		088405111B4669A800359836 /* Cell */ = {
			isa = PBXGroup;
			children = (
				088405121B4669BA00359836 /* TableViewCell.h */,
				088405131B4669BA00359836 /* TableViewCell.m */,
			);
			name = Cell;
			sourceTree = "<group>";
		};
		1EC991DDA3E8C45A757F266A /* Frameworks */ = {
			isa = PBXGroup;
			children = (
				97BDFBA16EF9D9C00F4E5760 /* Pods_MailBox.framework */,
			);
			name = Frameworks;
			sourceTree = "<group>";
		};
		979676F91920628242DA88A3 /* Pods */ = {
			isa = PBXGroup;
			children = (
				214F26E1679AFA2F01FC42B2 /* Pods-MailBox.debug.xcconfig */,
				F7F6A7FBDEC0494BF6612534 /* Pods-MailBox.release.xcconfig */,
			);
			name = Pods;
			sourceTree = "<group>";
		};
/* End PBXGroup section */

/* Begin PBXNativeTarget section */
		087CB05A1B45266300342318 /* MailBox */ = {
			isa = PBXNativeTarget;
			buildConfigurationList = 087CB07E1B45266300342318 /* Build configuration list for PBXNativeTarget "MailBox" */;
			buildPhases = (
				47C19D78BFF05F8F5A6685CF /* [CP] Check Pods Manifest.lock */,
				087CB0571B45266300342318 /* Sources */,
				087CB0581B45266300342318 /* Frameworks */,
				087CB0591B45266300342318 /* Resources */,
				A20644442AA313E165912050 /* [CP] Embed Pods Frameworks */,
				8ABC8FA4198E099277874C98 /* [CP] Copy Pods Resources */,
			);
			buildRules = (
			);
			dependencies = (
			);
			name = MailBox;
			productName = MailBox;
			productReference = 087CB05B1B45266300342318 /* MailBox.app */;
			productType = "com.apple.product-type.application";
		};
		087CB0731B45266300342318 /* MailBoxTests */ = {
			isa = PBXNativeTarget;
			buildConfigurationList = 087CB0811B45266300342318 /* Build configuration list for PBXNativeTarget "MailBoxTests" */;
			buildPhases = (
				087CB0701B45266300342318 /* Sources */,
				087CB0711B45266300342318 /* Frameworks */,
				087CB0721B45266300342318 /* Resources */,
			);
			buildRules = (
			);
			dependencies = (
				087CB0761B45266300342318 /* PBXTargetDependency */,
			);
			name = MailBoxTests;
			productName = MailBoxTests;
			productReference = 087CB0741B45266300342318 /* MailBoxTests.xctest */;
			productType = "com.apple.product-type.bundle.unit-test";
		};
/* End PBXNativeTarget section */

/* Begin PBXProject section */
		087CB0531B45266300342318 /* Project object */ = {
			isa = PBXProject;
			attributes = {
				LastUpgradeCheck = 0730;
				ORGANIZATIONNAME = Interactivelabs;
				TargetAttributes = {
					087CB05A1B45266300342318 = {
						CreatedOnToolsVersion = 6.3.2;
					};
					087CB0731B45266300342318 = {
						CreatedOnToolsVersion = 6.3.2;
						TestTargetID = 087CB05A1B45266300342318;
					};
				};
			};
			buildConfigurationList = 087CB0561B45266300342318 /* Build configuration list for PBXProject "MailBox" */;
			compatibilityVersion = "Xcode 3.2";
			developmentRegion = English;
			hasScannedForEncodings = 0;
			knownRegions = (
				en,
				Base,
			);
			mainGroup = 087CB0521B45266300342318;
			productRefGroup = 087CB05C1B45266300342318 /* Products */;
			projectDirPath = "";
			projectRoot = "";
			targets = (
				087CB05A1B45266300342318 /* MailBox */,
				087CB0731B45266300342318 /* MailBoxTests */,
			);
		};
/* End PBXProject section */

/* Begin PBXResourcesBuildPhase section */
		087CB0591B45266300342318 /* Resources */ = {
			isa = PBXResourcesBuildPhase;
			buildActionMask = 2147483647;
			files = (
				087CB06A1B45266300342318 /* Main.storyboard in Resources */,
				087CB06C1B45266300342318 /* Images.xcassets in Resources */,
				082B7FB11B5A5E6E008BE844 /* Default-568h@2x.png in Resources */,
			);
			runOnlyForDeploymentPostprocessing = 0;
		};
		087CB0721B45266300342318 /* Resources */ = {
			isa = PBXResourcesBuildPhase;
			buildActionMask = 2147483647;
			files = (
			);
			runOnlyForDeploymentPostprocessing = 0;
		};
/* End PBXResourcesBuildPhase section */

/* Begin PBXShellScriptBuildPhase section */
		47C19D78BFF05F8F5A6685CF /* [CP] Check Pods Manifest.lock */ = {
			isa = PBXShellScriptBuildPhase;
			buildActionMask = 2147483647;
			files = (
			);
			inputPaths = (
			);
			name = "[CP] Check Pods Manifest.lock";
			outputPaths = (
			);
			runOnlyForDeploymentPostprocessing = 0;
			shellPath = /bin/sh;
			shellScript = "diff \"${PODS_ROOT}/../Podfile.lock\" \"${PODS_ROOT}/Manifest.lock\" > /dev/null\nif [[ $? != 0 ]] ; then\n    cat << EOM\nerror: The sandbox is not in sync with the Podfile.lock. Run 'pod install' or update your CocoaPods installation.\nEOM\n    exit 1\nfi\n";
			showEnvVarsInLog = 0;
		};
		8ABC8FA4198E099277874C98 /* [CP] Copy Pods Resources */ = {
			isa = PBXShellScriptBuildPhase;
			buildActionMask = 2147483647;
			files = (
			);
			inputPaths = (
			);
			name = "[CP] Copy Pods Resources";
			outputPaths = (
			);
			runOnlyForDeploymentPostprocessing = 0;
			shellPath = /bin/sh;
			shellScript = "\"${SRCROOT}/Pods/Target Support Files/Pods-MailBox/Pods-MailBox-resources.sh\"\n";
			showEnvVarsInLog = 0;
		};
		A20644442AA313E165912050 /* [CP] Embed Pods Frameworks */ = {
			isa = PBXShellScriptBuildPhase;
			buildActionMask = 2147483647;
			files = (
			);
			inputPaths = (
			);
			name = "[CP] Embed Pods Frameworks";
			outputPaths = (
			);
			runOnlyForDeploymentPostprocessing = 0;
			shellPath = /bin/sh;
			shellScript = "\"${SRCROOT}/Pods/Target Support Files/Pods-MailBox/Pods-MailBox-frameworks.sh\"\n";
			showEnvVarsInLog = 0;
		};
/* End PBXShellScriptBuildPhase section */

/* Begin PBXSourcesBuildPhase section */
		087CB0571B45266300342318 /* Sources */ = {
			isa = PBXSourcesBuildPhase;
			buildActionMask = 2147483647;
			files = (
				088405031B4648BC00359836 /* MailService.m in Sources */,
				087CB0671B45266300342318 /* ViewController.m in Sources */,
				088405101B46637800359836 /* MessagesViewController.m in Sources */,
				087CB0641B45266300342318 /* AppDelegate.m in Sources */,
				088405141B4669BA00359836 /* TableViewCell.m in Sources */,
				088405061B464CE700359836 /* TableViewController.m in Sources */,
				0884050D1B46517100359836 /* UIViewController+MB.m in Sources */,
				0884050A1B464FBF00359836 /* NSString+MB.m in Sources */,
				087CB0611B45266300342318 /* main.m in Sources */,
			);
			runOnlyForDeploymentPostprocessing = 0;
		};
		087CB0701B45266300342318 /* Sources */ = {
			isa = PBXSourcesBuildPhase;
			buildActionMask = 2147483647;
			files = (
				087CB07B1B45266300342318 /* MailBoxTests.m in Sources */,
			);
			runOnlyForDeploymentPostprocessing = 0;
		};
/* End PBXSourcesBuildPhase section */

/* Begin PBXTargetDependency section */
		087CB0761B45266300342318 /* PBXTargetDependency */ = {
			isa = PBXTargetDependency;
			target = 087CB05A1B45266300342318 /* MailBox */;
			targetProxy = 087CB0751B45266300342318 /* PBXContainerItemProxy */;
		};
/* End PBXTargetDependency section */

/* Begin PBXVariantGroup section */
		087CB0681B45266300342318 /* Main.storyboard */ = {
			isa = PBXVariantGroup;
			children = (
				087CB0691B45266300342318 /* Base */,
			);
			name = Main.storyboard;
			sourceTree = "<group>";
		};
/* End PBXVariantGroup section */

/* Begin XCBuildConfiguration section */
		087CB07C1B45266300342318 /* Debug */ = {
			isa = XCBuildConfiguration;
			buildSettings = {
				ALWAYS_SEARCH_USER_PATHS = NO;
				CLANG_CXX_LANGUAGE_STANDARD = "gnu++0x";
				CLANG_CXX_LIBRARY = "libc++";
				CLANG_ENABLE_MODULES = YES;
				CLANG_ENABLE_OBJC_ARC = YES;
				CLANG_WARN_BOOL_CONVERSION = YES;
				CLANG_WARN_CONSTANT_CONVERSION = YES;
				CLANG_WARN_DIRECT_OBJC_ISA_USAGE = YES_ERROR;
				CLANG_WARN_EMPTY_BODY = YES;
				CLANG_WARN_ENUM_CONVERSION = YES;
				CLANG_WARN_INT_CONVERSION = YES;
				CLANG_WARN_OBJC_ROOT_CLASS = YES_ERROR;
				CLANG_WARN_UNREACHABLE_CODE = YES;
				CLANG_WARN__DUPLICATE_METHOD_MATCH = YES;
				"CODE_SIGN_IDENTITY[sdk=iphoneos*]" = "iPhone Developer";
				COPY_PHASE_STRIP = NO;
				DEBUG_INFORMATION_FORMAT = "dwarf-with-dsym";
				ENABLE_STRICT_OBJC_MSGSEND = YES;
				ENABLE_TESTABILITY = YES;
				GCC_C_LANGUAGE_STANDARD = gnu99;
				GCC_DYNAMIC_NO_PIC = NO;
				GCC_NO_COMMON_BLOCKS = YES;
				GCC_OPTIMIZATION_LEVEL = 0;
				GCC_PREPROCESSOR_DEFINITIONS = (
					"DEBUG=1",
					"$(inherited)",
				);
				GCC_SYMBOLS_PRIVATE_EXTERN = NO;
				GCC_WARN_64_TO_32_BIT_CONVERSION = YES;
				GCC_WARN_ABOUT_RETURN_TYPE = YES_ERROR;
				GCC_WARN_UNDECLARED_SELECTOR = YES;
				GCC_WARN_UNINITIALIZED_AUTOS = YES_AGGRESSIVE;
				GCC_WARN_UNUSED_FUNCTION = YES;
				GCC_WARN_UNUSED_VARIABLE = YES;
				IPHONEOS_DEPLOYMENT_TARGET = 8.0;
				MTL_ENABLE_DEBUG_INFO = YES;
				ONLY_ACTIVE_ARCH = YES;
				SDKROOT = iphoneos;
				TARGETED_DEVICE_FAMILY = "1,2";
			};
			name = Debug;
		};
		087CB07D1B45266300342318 /* Release */ = {
			isa = XCBuildConfiguration;
			buildSettings = {
				ALWAYS_SEARCH_USER_PATHS = NO;
				CLANG_CXX_LANGUAGE_STANDARD = "gnu++0x";
				CLANG_CXX_LIBRARY = "libc++";
				CLANG_ENABLE_MODULES = YES;
				CLANG_ENABLE_OBJC_ARC = YES;
				CLANG_WARN_BOOL_CONVERSION = YES;
				CLANG_WARN_CONSTANT_CONVERSION = YES;
				CLANG_WARN_DIRECT_OBJC_ISA_USAGE = YES_ERROR;
				CLANG_WARN_EMPTY_BODY = YES;
				CLANG_WARN_ENUM_CONVERSION = YES;
				CLANG_WARN_INT_CONVERSION = YES;
				CLANG_WARN_OBJC_ROOT_CLASS = YES_ERROR;
				CLANG_WARN_UNREACHABLE_CODE = YES;
				CLANG_WARN__DUPLICATE_METHOD_MATCH = YES;
				"CODE_SIGN_IDENTITY[sdk=iphoneos*]" = "iPhone Developer";
				COPY_PHASE_STRIP = NO;
				DEBUG_INFORMATION_FORMAT = "dwarf-with-dsym";
				ENABLE_NS_ASSERTIONS = NO;
				ENABLE_STRICT_OBJC_MSGSEND = YES;
				GCC_C_LANGUAGE_STANDARD = gnu99;
				GCC_NO_COMMON_BLOCKS = YES;
				GCC_WARN_64_TO_32_BIT_CONVERSION = YES;
				GCC_WARN_ABOUT_RETURN_TYPE = YES_ERROR;
				GCC_WARN_UNDECLARED_SELECTOR = YES;
				GCC_WARN_UNINITIALIZED_AUTOS = YES_AGGRESSIVE;
				GCC_WARN_UNUSED_FUNCTION = YES;
				GCC_WARN_UNUSED_VARIABLE = YES;
				IPHONEOS_DEPLOYMENT_TARGET = 8.0;
				MTL_ENABLE_DEBUG_INFO = NO;
				SDKROOT = iphoneos;
				TARGETED_DEVICE_FAMILY = "1,2";
				VALIDATE_PRODUCT = YES;
			};
			name = Release;
		};
		087CB07F1B45266300342318 /* Debug */ = {
			isa = XCBuildConfiguration;
			baseConfigurationReference = 214F26E1679AFA2F01FC42B2 /* Pods-MailBox.debug.xcconfig */;
			buildSettings = {
				ASSETCATALOG_COMPILER_APPICON_NAME = AppIcon;
				INFOPLIST_FILE = MailBox/Info.plist;
				LD_RUNPATH_SEARCH_PATHS = "$(inherited) @executable_path/Frameworks";
				PRODUCT_BUNDLE_IDENTIFIER = "im.iqi.$(PRODUCT_NAME:rfc1034identifier)";
				PRODUCT_NAME = "$(TARGET_NAME)";
			};
			name = Debug;
		};
		087CB0801B45266300342318 /* Release */ = {
			isa = XCBuildConfiguration;
			baseConfigurationReference = F7F6A7FBDEC0494BF6612534 /* Pods-MailBox.release.xcconfig */;
			buildSettings = {
				ASSETCATALOG_COMPILER_APPICON_NAME = AppIcon;
				INFOPLIST_FILE = MailBox/Info.plist;
				LD_RUNPATH_SEARCH_PATHS = "$(inherited) @executable_path/Frameworks";
				PRODUCT_BUNDLE_IDENTIFIER = "im.iqi.$(PRODUCT_NAME:rfc1034identifier)";
				PRODUCT_NAME = "$(TARGET_NAME)";
			};
			name = Release;
		};
		087CB0821B45266300342318 /* Debug */ = {
			isa = XCBuildConfiguration;
			buildSettings = {
				BUNDLE_LOADER = "$(TEST_HOST)";
				FRAMEWORK_SEARCH_PATHS = (
					"$(SDKROOT)/Developer/Library/Frameworks",
					"$(inherited)",
				);
				GCC_PREPROCESSOR_DEFINITIONS = (
					"DEBUG=1",
					"$(inherited)",
				);
				INFOPLIST_FILE = MailBoxTests/Info.plist;
				LD_RUNPATH_SEARCH_PATHS = "$(inherited) @executable_path/Frameworks @loader_path/Frameworks";
				PRODUCT_BUNDLE_IDENTIFIER = "co.interactivelabs.$(PRODUCT_NAME:rfc1034identifier)";
				PRODUCT_NAME = "$(TARGET_NAME)";
				TEST_HOST = "$(BUILT_PRODUCTS_DIR)/MailBox.app/MailBox";
			};
			name = Debug;
		};
		087CB0831B45266300342318 /* Release */ = {
			isa = XCBuildConfiguration;
			buildSettings = {
				BUNDLE_LOADER = "$(TEST_HOST)";
				FRAMEWORK_SEARCH_PATHS = (
					"$(SDKROOT)/Developer/Library/Frameworks",
					"$(inherited)",
				);
				INFOPLIST_FILE = MailBoxTests/Info.plist;
				LD_RUNPATH_SEARCH_PATHS = "$(inherited) @executable_path/Frameworks @loader_path/Frameworks";
				PRODUCT_BUNDLE_IDENTIFIER = "co.interactivelabs.$(PRODUCT_NAME:rfc1034identifier)";
				PRODUCT_NAME = "$(TARGET_NAME)";
				TEST_HOST = "$(BUILT_PRODUCTS_DIR)/MailBox.app/MailBox";
			};
			name = Release;
		};
/* End XCBuildConfiguration section */

/* Begin XCConfigurationList section */
		087CB0561B45266300342318 /* Build configuration list for PBXProject "MailBox" */ = {
			isa = XCConfigurationList;
			buildConfigurations = (
				087CB07C1B45266300342318 /* Debug */,
				087CB07D1B45266300342318 /* Release */,
			);
			defaultConfigurationIsVisible = 0;
			defaultConfigurationName = Release;
		};
		087CB07E1B45266300342318 /* Build configuration list for PBXNativeTarget "MailBox" */ = {
			isa = XCConfigurationList;
			buildConfigurations = (
				087CB07F1B45266300342318 /* Debug */,
				087CB0801B45266300342318 /* Release */,
			);
			defaultConfigurationIsVisible = 0;
			defaultConfigurationName = Release;
		};
		087CB0811B45266300342318 /* Build configuration list for PBXNativeTarget "MailBoxTests" */ = {
			isa = XCConfigurationList;
			buildConfigurations = (
				087CB0821B45266300342318 /* Debug */,
				087CB0831B45266300342318 /* Release */,
			);
			defaultConfigurationIsVisible = 0;
			defaultConfigurationName = Release;
		};
/* End XCConfigurationList section */
	};
	rootObject = 087CB0531B45266300342318 /* Project object */;
}
